# This file is automatically @generated by Cargo.
# It is not intended for manual editing.
version = 4

[[package]]
name = "redis-cli"
version = "0.1.0"

[[package]]
name = "redis-commands"
version = "0.1.0"

[[package]]
name = "redis-protocol"
version = "0.1.0"

[[package]]
name = "redis-server"
version = "0.1.0"

[[package]]
name = "redis-storage"
version = "0.1.0"

[[package]]
name = "redis-tests"
version = "0.1.0"

[[package]]
name = "redis-utils"
version = "0.1.0"
